
Microsoft Visual Studio Solution File, Format Version 12.00
# Visual Studio Version 16
VisualStudioVersion = 16.0.29001.49
MinimumVisualStudioVersion = 10.0.40219.1
Project("{FAE04EC0-301F-11D3-BF4B-00C04F79EFBC}") = "EnquenteTest", "EnquenteTest\EnquenteTest.csproj", "{640A0828-2442-4E3F-AB48-7ED900CECD8F}"
EndProject
Global
	GlobalSection(SolutionConfigurationPlatforms) = preSolution
		Debug|Any CPU = Debug|Any CPU
		Release|Any CPU = Release|Any CPU
	EndGlobalSection
	GlobalSection(ProjectConfigurationPlatforms) = postSolution
		{640A0828-2442-4E3F-AB48-7ED900CECD8F}.Debug|Any CPU.ActiveCfg = Debug|Any CPU
		{640A0828-2442-4E3F-AB48-7ED900CECD8F}.Debug|Any CPU.Build.0 = Debug|Any CPU
		{640A0828-2442-4E3F-AB48-7ED900CECD8F}.Release|Any CPU.ActiveCfg = Release|Any CPU
		{640A0828-2442-4E3F-AB48-7ED900CECD8F}.Release|Any CPU.Build.0 = Release|Any CPU
	EndGlobalSection
	GlobalSection(SolutionProperties) = preSolution
		HideSolutionNode = FALSE
	EndGlobalSection
	GlobalSection(ExtensibilityGlobals) = postSolution
		SolutionGuid = {C4A67BED-6ABC-4E39-AB69-7EB662CFAA19}
	EndGlobalSection
EndGlobal
